
Microsoft Visual Studio Solution File, Format Version 12.00
# Visual Studio 15
VisualStudioVersion = 15.0.26124.0
MinimumVisualStudioVersion = 15.0.26124.0
Project("{FAE04EC0-301F-11D3-BF4B-00C04F79EFBC}") = "Text", "Text\Text.csproj", "{4D0DC5D5-6A7C-4B23-A9C8-AF2A2BBA9489}"
EndProject
Project("{FAE04EC0-301F-11D3-BF4B-00C04F79EFBC}") = "Text.Tests", "Text.Tests\Text.Tests.csproj", "{C74C0271-3EB2-4A43-8994-F47CF3ED5026}"
EndProject
Global
	GlobalSection(SolutionConfigurationPlatforms) = preSolution
		Debug|Any CPU = Debug|Any CPU
		Debug|x64 = Debug|x64
		Debug|x86 = Debug|x86
		Release|Any CPU = Release|Any CPU
		Release|x64 = Release|x64
		Release|x86 = Release|x86
	EndGlobalSection
	GlobalSection(SolutionProperties) = preSolution
		HideSolutionNode = FALSE
	EndGlobalSection
	GlobalSection(ProjectConfigurationPlatforms) = postSolution
		{4D0DC5D5-6A7C-4B23-A9C8-AF2A2BBA9489}.Debug|Any CPU.ActiveCfg = Debug|Any CPU
		{4D0DC5D5-6A7C-4B23-A9C8-AF2A2BBA9489}.Debug|Any CPU.Build.0 = Debug|Any CPU
		{4D0DC5D5-6A7C-4B23-A9C8-AF2A2BBA9489}.Debug|x64.ActiveCfg = Debug|Any CPU
		{4D0DC5D5-6A7C-4B23-A9C8-AF2A2BBA9489}.Debug|x64.Build.0 = Debug|Any CPU
		{4D0DC5D5-6A7C-4B23-A9C8-AF2A2BBA9489}.Debug|x86.ActiveCfg = Debug|Any CPU
		{4D0DC5D5-6A7C-4B23-A9C8-AF2A2BBA9489}.Debug|x86.Build.0 = Debug|Any CPU
		{4D0DC5D5-6A7C-4B23-A9C8-AF2A2BBA9489}.Release|Any CPU.ActiveCfg = Release|Any CPU
		{4D0DC5D5-6A7C-4B23-A9C8-AF2A2BBA9489}.Release|Any CPU.Build.0 = Release|Any CPU
		{4D0DC5D5-6A7C-4B23-A9C8-AF2A2BBA9489}.Release|x64.ActiveCfg = Release|Any CPU
		{4D0DC5D5-6A7C-4B23-A9C8-AF2A2BBA9489}.Release|x64.Build.0 = Release|Any CPU
		{4D0DC5D5-6A7C-4B23-A9C8-AF2A2BBA9489}.Release|x86.ActiveCfg = Release|Any CPU
		{4D0DC5D5-6A7C-4B23-A9C8-AF2A2BBA9489}.Release|x86.Build.0 = Release|Any CPU
		{C74C0271-3EB2-4A43-8994-F47CF3ED5026}.Debug|Any CPU.ActiveCfg = Debug|Any CPU
		{C74C0271-3EB2-4A43-8994-F47CF3ED5026}.Debug|Any CPU.Build.0 = Debug|Any CPU
		{C74C0271-3EB2-4A43-8994-F47CF3ED5026}.Debug|x64.ActiveCfg = Debug|Any CPU
		{C74C0271-3EB2-4A43-8994-F47CF3ED5026}.Debug|x64.Build.0 = Debug|Any CPU
		{C74C0271-3EB2-4A43-8994-F47CF3ED5026}.Debug|x86.ActiveCfg = Debug|Any CPU
		{C74C0271-3EB2-4A43-8994-F47CF3ED5026}.Debug|x86.Build.0 = Debug|Any CPU
		{C74C0271-3EB2-4A43-8994-F47CF3ED5026}.Release|Any CPU.ActiveCfg = Release|Any CPU
		{C74C0271-3EB2-4A43-8994-F47CF3ED5026}.Release|Any CPU.Build.0 = Release|Any CPU
		{C74C0271-3EB2-4A43-8994-F47CF3ED5026}.Release|x64.ActiveCfg = Release|Any CPU
		{C74C0271-3EB2-4A43-8994-F47CF3ED5026}.Release|x64.Build.0 = Release|Any CPU
		{C74C0271-3EB2-4A43-8994-F47CF3ED5026}.Release|x86.ActiveCfg = Release|Any CPU
		{C74C0271-3EB2-4A43-8994-F47CF3ED5026}.Release|x86.Build.0 = Release|Any CPU
	EndGlobalSection
EndGlobal
