
Microsoft Visual Studio Solution File, Format Version 12.00
# Visual Studio 15
VisualStudioVersion = 15.0.26124.0
MinimumVisualStudioVersion = 15.0.26124.0
Project("{FAE04EC0-301F-11D3-BF4B-00C04F79EFBC}") = "MyMath", "MyMath\MyMath.csproj", "{D1E3533D-BE78-4C18-8C55-40D365220207}"
EndProject
Project("{FAE04EC0-301F-11D3-BF4B-00C04F79EFBC}") = "MyMath.Tests", "MyMath.Tests\MyMath.Tests.csproj", "{5343E690-9090-4EBC-90C9-1FDAD5CB061E}"
EndProject
Global
	GlobalSection(SolutionConfigurationPlatforms) = preSolution
		Debug|Any CPU = Debug|Any CPU
		Debug|x64 = Debug|x64
		Debug|x86 = Debug|x86
		Release|Any CPU = Release|Any CPU
		Release|x64 = Release|x64
		Release|x86 = Release|x86
	EndGlobalSection
	GlobalSection(SolutionProperties) = preSolution
		HideSolutionNode = FALSE
	EndGlobalSection
	GlobalSection(ProjectConfigurationPlatforms) = postSolution
		{D1E3533D-BE78-4C18-8C55-40D365220207}.Debug|Any CPU.ActiveCfg = Debug|Any CPU
		{D1E3533D-BE78-4C18-8C55-40D365220207}.Debug|Any CPU.Build.0 = Debug|Any CPU
		{D1E3533D-BE78-4C18-8C55-40D365220207}.Debug|x64.ActiveCfg = Debug|Any CPU
		{D1E3533D-BE78-4C18-8C55-40D365220207}.Debug|x64.Build.0 = Debug|Any CPU
		{D1E3533D-BE78-4C18-8C55-40D365220207}.Debug|x86.ActiveCfg = Debug|Any CPU
		{D1E3533D-BE78-4C18-8C55-40D365220207}.Debug|x86.Build.0 = Debug|Any CPU
		{D1E3533D-BE78-4C18-8C55-40D365220207}.Release|Any CPU.ActiveCfg = Release|Any CPU
		{D1E3533D-BE78-4C18-8C55-40D365220207}.Release|Any CPU.Build.0 = Release|Any CPU
		{D1E3533D-BE78-4C18-8C55-40D365220207}.Release|x64.ActiveCfg = Release|Any CPU
		{D1E3533D-BE78-4C18-8C55-40D365220207}.Release|x64.Build.0 = Release|Any CPU
		{D1E3533D-BE78-4C18-8C55-40D365220207}.Release|x86.ActiveCfg = Release|Any CPU
		{D1E3533D-BE78-4C18-8C55-40D365220207}.Release|x86.Build.0 = Release|Any CPU
		{5343E690-9090-4EBC-90C9-1FDAD5CB061E}.Debug|Any CPU.ActiveCfg = Debug|Any CPU
		{5343E690-9090-4EBC-90C9-1FDAD5CB061E}.Debug|Any CPU.Build.0 = Debug|Any CPU
		{5343E690-9090-4EBC-90C9-1FDAD5CB061E}.Debug|x64.ActiveCfg = Debug|Any CPU
		{5343E690-9090-4EBC-90C9-1FDAD5CB061E}.Debug|x64.Build.0 = Debug|Any CPU
		{5343E690-9090-4EBC-90C9-1FDAD5CB061E}.Debug|x86.ActiveCfg = Debug|Any CPU
		{5343E690-9090-4EBC-90C9-1FDAD5CB061E}.Debug|x86.Build.0 = Debug|Any CPU
		{5343E690-9090-4EBC-90C9-1FDAD5CB061E}.Release|Any CPU.ActiveCfg = Release|Any CPU
		{5343E690-9090-4EBC-90C9-1FDAD5CB061E}.Release|Any CPU.Build.0 = Release|Any CPU
		{5343E690-9090-4EBC-90C9-1FDAD5CB061E}.Release|x64.ActiveCfg = Release|Any CPU
		{5343E690-9090-4EBC-90C9-1FDAD5CB061E}.Release|x64.Build.0 = Release|Any CPU
		{5343E690-9090-4EBC-90C9-1FDAD5CB061E}.Release|x86.ActiveCfg = Release|Any CPU
		{5343E690-9090-4EBC-90C9-1FDAD5CB061E}.Release|x86.Build.0 = Release|Any CPU
	EndGlobalSection
EndGlobal
