
Microsoft Visual Studio Solution File, Format Version 12.00
# Visual Studio 15
VisualStudioVersion = 15.0.26124.0
MinimumVisualStudioVersion = 15.0.26124.0
Project("{FAE04EC0-301F-11D3-BF4B-00C04F79EFBC}") = "Text", "Text\Text.csproj", "{BB07F9DD-951D-451B-8E78-C767EC907DB7}"
EndProject
Project("{FAE04EC0-301F-11D3-BF4B-00C04F79EFBC}") = "Text.Tests", "Text.Tests\Text.Tests.csproj", "{4F4F9CA6-6FA7-4275-814C-834833F19DAD}"
EndProject
Global
	GlobalSection(SolutionConfigurationPlatforms) = preSolution
		Debug|Any CPU = Debug|Any CPU
		Debug|x64 = Debug|x64
		Debug|x86 = Debug|x86
		Release|Any CPU = Release|Any CPU
		Release|x64 = Release|x64
		Release|x86 = Release|x86
	EndGlobalSection
	GlobalSection(SolutionProperties) = preSolution
		HideSolutionNode = FALSE
	EndGlobalSection
	GlobalSection(ProjectConfigurationPlatforms) = postSolution
		{BB07F9DD-951D-451B-8E78-C767EC907DB7}.Debug|Any CPU.ActiveCfg = Debug|Any CPU
		{BB07F9DD-951D-451B-8E78-C767EC907DB7}.Debug|Any CPU.Build.0 = Debug|Any CPU
		{BB07F9DD-951D-451B-8E78-C767EC907DB7}.Debug|x64.ActiveCfg = Debug|Any CPU
		{BB07F9DD-951D-451B-8E78-C767EC907DB7}.Debug|x64.Build.0 = Debug|Any CPU
		{BB07F9DD-951D-451B-8E78-C767EC907DB7}.Debug|x86.ActiveCfg = Debug|Any CPU
		{BB07F9DD-951D-451B-8E78-C767EC907DB7}.Debug|x86.Build.0 = Debug|Any CPU
		{BB07F9DD-951D-451B-8E78-C767EC907DB7}.Release|Any CPU.ActiveCfg = Release|Any CPU
		{BB07F9DD-951D-451B-8E78-C767EC907DB7}.Release|Any CPU.Build.0 = Release|Any CPU
		{BB07F9DD-951D-451B-8E78-C767EC907DB7}.Release|x64.ActiveCfg = Release|Any CPU
		{BB07F9DD-951D-451B-8E78-C767EC907DB7}.Release|x64.Build.0 = Release|Any CPU
		{BB07F9DD-951D-451B-8E78-C767EC907DB7}.Release|x86.ActiveCfg = Release|Any CPU
		{BB07F9DD-951D-451B-8E78-C767EC907DB7}.Release|x86.Build.0 = Release|Any CPU
		{4F4F9CA6-6FA7-4275-814C-834833F19DAD}.Debug|Any CPU.ActiveCfg = Debug|Any CPU
		{4F4F9CA6-6FA7-4275-814C-834833F19DAD}.Debug|Any CPU.Build.0 = Debug|Any CPU
		{4F4F9CA6-6FA7-4275-814C-834833F19DAD}.Debug|x64.ActiveCfg = Debug|Any CPU
		{4F4F9CA6-6FA7-4275-814C-834833F19DAD}.Debug|x64.Build.0 = Debug|Any CPU
		{4F4F9CA6-6FA7-4275-814C-834833F19DAD}.Debug|x86.ActiveCfg = Debug|Any CPU
		{4F4F9CA6-6FA7-4275-814C-834833F19DAD}.Debug|x86.Build.0 = Debug|Any CPU
		{4F4F9CA6-6FA7-4275-814C-834833F19DAD}.Release|Any CPU.ActiveCfg = Release|Any CPU
		{4F4F9CA6-6FA7-4275-814C-834833F19DAD}.Release|Any CPU.Build.0 = Release|Any CPU
		{4F4F9CA6-6FA7-4275-814C-834833F19DAD}.Release|x64.ActiveCfg = Release|Any CPU
		{4F4F9CA6-6FA7-4275-814C-834833F19DAD}.Release|x64.Build.0 = Release|Any CPU
		{4F4F9CA6-6FA7-4275-814C-834833F19DAD}.Release|x86.ActiveCfg = Release|Any CPU
		{4F4F9CA6-6FA7-4275-814C-834833F19DAD}.Release|x86.Build.0 = Release|Any CPU
	EndGlobalSection
EndGlobal
